PODS:
  - FBSnapshotTestCase (2.1.3):
    - FBSnapshotTestCase/SwiftSupport (= 2.1.3)
  - FBSnapshotTestCase/Core (2.1.3)
  - FBSnapshotTestCase/SwiftSupport (2.1.3):
    - FBSnapshotTestCase/Core
  - SimpleSwitch (0.1.0)

DEPENDENCIES:
  - FBSnapshotTestCase (from `https://github.com/facebook/ios-snapshot-test-case.git`)
  - SimpleSwitch (from `../`)

EXTERNAL SOURCES:
  FBSnapshotTestCase:
    :git: https://github.com/facebook/ios-snapshot-test-case.git
  SimpleSwitch:
    :path: "../"

CHECKOUT OPTIONS:
  FBSnapshotTestCase:
    :commit: 6a3f71fd69b7fab9d7aced48100199c104ac1719
    :git: https://github.com/facebook/ios-snapshot-test-case.git

SPEC CHECKSUMS:
  FBSnapshotTestCase: 4607968e0dfa1e2772ec0d0098354f8b870c5753
  SimpleSwitch: 7b12231d175110b7f3efe7f5a29c1986a19a3333

PODFILE CHECKSUM: 5ed2525a550e3bb9b36d5d8fea7a1c0aa8f431a8

COCOAPODS: 1.1.0.rc.2
