PODS:
  - iOSSnapshotTestCase (4.0.1):
    - iOSSnapshotTestCase/SwiftSupport (= 4.0.1)
  - iOSSnapshotTestCase/Core (4.0.1)
  - iOSSnapshotTestCase/SwiftSupport (4.0.1):
    - iOSSnapshotTestCase/Core
  - SimpleSwitch (0.1.6)

DEPENDENCIES:
  - iOSSnapshotTestCase
  - SimpleSwitch (from `../`)

SPEC REPOS:
  https://github.com/cocoapods/specs.git:
    - iOSSnapshotTestCase

EXTERNAL SOURCES:
  SimpleSwitch:
    :path: "../"

SPEC CHECKSUMS:
  iOSSnapshotTestCase: f3b2b7e606fe03fdbe49af84316bd235df32dc44
  SimpleSwitch: 4f5ac8f58f7022af92c2becc70131bf881fec200

PODFILE CHECKSUM: 421d610026ae0c2052867ee6a4ab65c38ed59fef

COCOAPODS: 1.5.3
